
Microsoft Visual Studio Solution File, Format Version 12.00
# Visual Studio 15
Project("{FAE04EC0-301F-11D3-BF4B-00C04F79EFBC}") = "UnityEngine.UI", "UnityEngine.UI.csproj", "{18884FA5-43B4-B5F6-C709-5DBE145059DA}"
EndProject
Project("{FAE04EC0-301F-11D3-BF4B-00C04F79EFBC}") = "UnityEditor.UI", "UnityEditor.UI.csproj", "{9ADCC5C3-D3B6-2DA8-FAB0-C37B1CD6AADC}"
EndProject
Global
	GlobalSection(SolutionConfigurationPlatforms) = preSolution
		Debug|Any CPU = Debug|Any CPU
		Release|Any CPU = Release|Any CPU
	EndGlobalSection
	GlobalSection(ProjectConfigurationPlatforms) = postSolution
		{18884FA5-43B4-B5F6-C709-5DBE145059DA}.Debug|Any CPU.ActiveCfg = Debug|Any CPU
		{18884FA5-43B4-B5F6-C709-5DBE145059DA}.Debug|Any CPU.Build.0 = Debug|Any CPU
		{18884FA5-43B4-B5F6-C709-5DBE145059DA}.Release|Any CPU.ActiveCfg = Release|Any CPU
		{18884FA5-43B4-B5F6-C709-5DBE145059DA}.Release|Any CPU.Build.0 = Release|Any CPU
		{9ADCC5C3-D3B6-2DA8-FAB0-C37B1CD6AADC}.Debug|Any CPU.ActiveCfg = Debug|Any CPU
		{9ADCC5C3-D3B6-2DA8-FAB0-C37B1CD6AADC}.Debug|Any CPU.Build.0 = Debug|Any CPU
		{9ADCC5C3-D3B6-2DA8-FAB0-C37B1CD6AADC}.Release|Any CPU.ActiveCfg = Release|Any CPU
		{9ADCC5C3-D3B6-2DA8-FAB0-C37B1CD6AADC}.Release|Any CPU.Build.0 = Release|Any CPU
	EndGlobalSection
	GlobalSection(SolutionProperties) = preSolution
		HideSolutionNode = FALSE
	EndGlobalSection
EndGlobal
